
Microsoft Visual Studio Solution File, Format Version 12.00
# Visual Studio Version 16
VisualStudioVersion = 16.0.30114.105
MinimumVisualStudioVersion = 10.0.40219.1
Project("{8BC9CEB8-8B4A-11D0-8D11-00A0C91BC942}") = "18a - Data Flow Socket Server", "18a - Data Flow Socket Server\18a - Data Flow Socket Server.vcxproj", "{4FE7043C-7514-4EAA-B1C2-5B5E7B061D9F}"
EndProject
Project("{8BC9CEB8-8B4A-11D0-8D11-00A0C91BC942}") = "18b - Data Flow Socket Client", "..\18b - Data Flow Socket Client\18b - Data Flow Socket Client\18b - Data Flow Socket Client.vcxproj", "{6BA5FC5E-B2A6-4C70-8F6C-97E8E130938C}"
EndProject
Global
	GlobalSection(SolutionConfigurationPlatforms) = preSolution
		Debug|x64 = Debug|x64
		Debug|x86 = Debug|x86
		Release|x64 = Release|x64
		Release|x86 = Release|x86
	EndGlobalSection
	GlobalSection(ProjectConfigurationPlatforms) = postSolution
		{4FE7043C-7514-4EAA-B1C2-5B5E7B061D9F}.Debug|x64.ActiveCfg = Debug|x64
		{4FE7043C-7514-4EAA-B1C2-5B5E7B061D9F}.Debug|x64.Build.0 = Debug|x64
		{4FE7043C-7514-4EAA-B1C2-5B5E7B061D9F}.Debug|x86.ActiveCfg = Debug|Win32
		{4FE7043C-7514-4EAA-B1C2-5B5E7B061D9F}.Debug|x86.Build.0 = Debug|Win32
		{4FE7043C-7514-4EAA-B1C2-5B5E7B061D9F}.Release|x64.ActiveCfg = Release|x64
		{4FE7043C-7514-4EAA-B1C2-5B5E7B061D9F}.Release|x64.Build.0 = Release|x64
		{4FE7043C-7514-4EAA-B1C2-5B5E7B061D9F}.Release|x86.ActiveCfg = Release|Win32
		{4FE7043C-7514-4EAA-B1C2-5B5E7B061D9F}.Release|x86.Build.0 = Release|Win32
		{6BA5FC5E-B2A6-4C70-8F6C-97E8E130938C}.Debug|x64.ActiveCfg = Debug|x64
		{6BA5FC5E-B2A6-4C70-8F6C-97E8E130938C}.Debug|x64.Build.0 = Debug|x64
		{6BA5FC5E-B2A6-4C70-8F6C-97E8E130938C}.Debug|x86.ActiveCfg = Debug|Win32
		{6BA5FC5E-B2A6-4C70-8F6C-97E8E130938C}.Debug|x86.Build.0 = Debug|Win32
		{6BA5FC5E-B2A6-4C70-8F6C-97E8E130938C}.Release|x64.ActiveCfg = Release|x64
		{6BA5FC5E-B2A6-4C70-8F6C-97E8E130938C}.Release|x64.Build.0 = Release|x64
		{6BA5FC5E-B2A6-4C70-8F6C-97E8E130938C}.Release|x86.ActiveCfg = Release|Win32
		{6BA5FC5E-B2A6-4C70-8F6C-97E8E130938C}.Release|x86.Build.0 = Release|Win32
	EndGlobalSection
	GlobalSection(SolutionProperties) = preSolution
		HideSolutionNode = FALSE
	EndGlobalSection
	GlobalSection(ExtensibilityGlobals) = postSolution
		SolutionGuid = {6A8AD053-D0CC-4D02-A2D8-68D4256C6F00}
	EndGlobalSection
EndGlobal
